
Microsoft Visual Studio Solution File, Format Version 12.00
# Visual Studio Version 17
VisualStudioVersion = 17.14.36203.30
MinimumVisualStudioVersion = 10.0.40219.1
Project("{FAE04EC0-301F-11D3-BF4B-00C04F79EFBC}") = "WpfApp1", "WpfApp1.csproj", "{272ED717-A7E5-42C3-80C2-FB2B86D6137B}"
EndProject
Project("{FAE04EC0-301F-11D3-BF4B-00C04F79EFBC}") = "TestWpfApp1", "..\Test\TestWpfApp1\TestWpfApp1.csproj", "{CBEEC0B4-1D11-4544-A309-95BC0725B542}"
EndProject
Project("{2150E333-8FDC-42A3-9474-1A3956D46DE8}") = "Test", "Test", "{02EA681E-C7D8-13C7-8484-4AC65E1B71E8}"
EndProject
Global
	GlobalSection(SolutionConfigurationPlatforms) = preSolution
		Debug|Any CPU = Debug|Any CPU
		Release|Any CPU = Release|Any CPU
	EndGlobalSection
	GlobalSection(ProjectConfigurationPlatforms) = postSolution
		{272ED717-A7E5-42C3-80C2-FB2B86D6137B}.Debug|Any CPU.ActiveCfg = Debug|Any CPU
		{272ED717-A7E5-42C3-80C2-FB2B86D6137B}.Debug|Any CPU.Build.0 = Debug|Any CPU
		{272ED717-A7E5-42C3-80C2-FB2B86D6137B}.Release|Any CPU.ActiveCfg = Release|Any CPU
		{272ED717-A7E5-42C3-80C2-FB2B86D6137B}.Release|Any CPU.Build.0 = Release|Any CPU
		{CBEEC0B4-1D11-4544-A309-95BC0725B542}.Debug|Any CPU.ActiveCfg = Debug|Any CPU
		{CBEEC0B4-1D11-4544-A309-95BC0725B542}.Debug|Any CPU.Build.0 = Debug|Any CPU
		{CBEEC0B4-1D11-4544-A309-95BC0725B542}.Release|Any CPU.ActiveCfg = Release|Any CPU
		{CBEEC0B4-1D11-4544-A309-95BC0725B542}.Release|Any CPU.Build.0 = Release|Any CPU
	EndGlobalSection
	GlobalSection(SolutionProperties) = preSolution
		HideSolutionNode = FALSE
	EndGlobalSection
	GlobalSection(NestedProjects) = preSolution
		{CBEEC0B4-1D11-4544-A309-95BC0725B542} = {02EA681E-C7D8-13C7-8484-4AC65E1B71E8}
	EndGlobalSection
	GlobalSection(ExtensibilityGlobals) = postSolution
		SolutionGuid = {5C949352-7437-44B8-97C9-253B459F2B89}
	EndGlobalSection
EndGlobal
